
Microsoft Visual Studio Solution File, Format Version 12.00
# Visual Studio Version 17
VisualStudioVersion = 17.8.34330.188
MinimumVisualStudioVersion = 10.0.40219.1
Project("{FAE04EC0-301F-11D3-BF4B-00C04F79EFBC}") = "ServerSideApp", "ServerSideApp\ServerSideApp.csproj", "{D6A5A4E4-1CC3-435E-82F7-3D597A576175}"
EndProject
Global
	GlobalSection(SolutionConfigurationPlatforms) = preSolution
		Debug|Any CPU = Debug|Any CPU
		Release|Any CPU = Release|Any CPU
	EndGlobalSection
	GlobalSection(ProjectConfigurationPlatforms) = postSolution
		{D6A5A4E4-1CC3-435E-82F7-3D597A576175}.Debug|Any CPU.ActiveCfg = Debug|Any CPU
		{D6A5A4E4-1CC3-435E-82F7-3D597A576175}.Debug|Any CPU.Build.0 = Debug|Any CPU
		{D6A5A4E4-1CC3-435E-82F7-3D597A576175}.Release|Any CPU.ActiveCfg = Release|Any CPU
		{D6A5A4E4-1CC3-435E-82F7-3D597A576175}.Release|Any CPU.Build.0 = Release|Any CPU
	EndGlobalSection
	GlobalSection(SolutionProperties) = preSolution
		HideSolutionNode = FALSE
	EndGlobalSection
	GlobalSection(ExtensibilityGlobals) = postSolution
		SolutionGuid = {2490C6AC-7D84-4080-A819-1DBC4585B2AF}
	EndGlobalSection
EndGlobal
